
Microsoft Visual Studio Solution File, Format Version 12.00
# Blend for Visual Studio Version 16
VisualStudioVersion = 16.0.31829.152
MinimumVisualStudioVersion = 10.0.40219.1
Project("{9A19103F-16F7-4668-BE54-9A1E7A4F7556}") = "Zadanie animation 1", "Zadanie animation\Zadanie animation 1.csproj", "{8C167136-5E1B-4EA0-9C5D-E4E058C45F5A}"
EndProject
Project("{FAE04EC0-301F-11D3-BF4B-00C04F79EFBC}") = "Zadanie animation 2", "Zadanie animation 2\Zadanie animation 2.csproj", "{5864AED8-5746-4901-AB6B-1B5539D8903E}"
EndProject
Global
	GlobalSection(SolutionConfigurationPlatforms) = preSolution
		Debug|Any CPU = Debug|Any CPU
		Release|Any CPU = Release|Any CPU
	EndGlobalSection
	GlobalSection(ProjectConfigurationPlatforms) = postSolution
		{8C167136-5E1B-4EA0-9C5D-E4E058C45F5A}.Debug|Any CPU.ActiveCfg = Debug|Any CPU
		{8C167136-5E1B-4EA0-9C5D-E4E058C45F5A}.Debug|Any CPU.Build.0 = Debug|Any CPU
		{8C167136-5E1B-4EA0-9C5D-E4E058C45F5A}.Release|Any CPU.ActiveCfg = Release|Any CPU
		{8C167136-5E1B-4EA0-9C5D-E4E058C45F5A}.Release|Any CPU.Build.0 = Release|Any CPU
		{5864AED8-5746-4901-AB6B-1B5539D8903E}.Debug|Any CPU.ActiveCfg = Debug|Any CPU
		{5864AED8-5746-4901-AB6B-1B5539D8903E}.Debug|Any CPU.Build.0 = Debug|Any CPU
		{5864AED8-5746-4901-AB6B-1B5539D8903E}.Release|Any CPU.ActiveCfg = Release|Any CPU
		{5864AED8-5746-4901-AB6B-1B5539D8903E}.Release|Any CPU.Build.0 = Release|Any CPU
	EndGlobalSection
	GlobalSection(SolutionProperties) = preSolution
		HideSolutionNode = FALSE
	EndGlobalSection
	GlobalSection(ExtensibilityGlobals) = postSolution
		SolutionGuid = {46F358FB-A8FB-4AD6-A90D-EE1820E22FD8}
	EndGlobalSection
EndGlobal
